
Microsoft Visual Studio Solution File, Format Version 12.00
# Visual Studio Version 16
VisualStudioVersion = 16.0.29201.188
MinimumVisualStudioVersion = 10.0.40219.1
Project("{FAE04EC0-301F-11D3-BF4B-00C04F79EFBC}") = "ElapsedTimeExercise", "ElapsedTimeExercise.csproj", "{AFAE2C8E-72BC-43FA-939A-B28412988AB8}"
EndProject
Global
	GlobalSection(SolutionConfigurationPlatforms) = preSolution
		Debug|Any CPU = Debug|Any CPU
		Release|Any CPU = Release|Any CPU
	EndGlobalSection
	GlobalSection(ProjectConfigurationPlatforms) = postSolution
		{AFAE2C8E-72BC-43FA-939A-B28412988AB8}.Debug|Any CPU.ActiveCfg = Debug|Any CPU
		{AFAE2C8E-72BC-43FA-939A-B28412988AB8}.Debug|Any CPU.Build.0 = Debug|Any CPU
		{AFAE2C8E-72BC-43FA-939A-B28412988AB8}.Release|Any CPU.ActiveCfg = Release|Any CPU
		{AFAE2C8E-72BC-43FA-939A-B28412988AB8}.Release|Any CPU.Build.0 = Release|Any CPU
	EndGlobalSection
	GlobalSection(SolutionProperties) = preSolution
		HideSolutionNode = FALSE
	EndGlobalSection
	GlobalSection(ExtensibilityGlobals) = postSolution
		SolutionGuid = {B70FD694-0BAC-41BB-BD03-A30F737A1C50}
	EndGlobalSection
EndGlobal
